{
	"name": "@isopodlabs/big",
	"version": "0.2.0",
	"lockfileVersion": 3,
	"requires": true,
	"packages": {
		"": {
			"name": "@isopodlabs/big",
			"version": "0.2.0",
			"license": "MIT",
			"dependencies": {
				"@isopodlabs/utilities": "^1.6.0"
			}
		},
		"node_modules/@isopodlabs/utilities": {
			"version": "1.7.1",
			"resolved": "https://registry.npmjs.org/@isopodlabs/utilities/-/utilities-1.7.1.tgz",
			"integrity": "sha512-A1aurO8Vny2VkLv5h6ezpSp/62Qvd46kbTREmKpC6S4JdEUPRNr8+0dfUWR7qPG9B5d/DKxCJQ3xkf2WM+IW4Q==",
			"license": "MIT"
		}
	}
}
